<?xml version="1.0" encoding="utf-8"?>
<Project ToolsVersion="4.0" xmlns="http://schemas.microsoft.com/developer/msbuild/2003">
  <ItemGroup>
    <ClCompile Include="Engine.cpp">
      <Filter>.cpp</Filter>
    </ClCompile>
    <ClCompile Include="Component.cpp">
      <Filter>.cpp</Filter>
    </ClCompile>
    <ClCompile Include="ComponentCamera.cpp">
      <Filter>.cpp</Filter>
    </ClCompile>
    <ClCompile Include="ComponentCollider.cpp">
      <Filter>.cpp</Filter>
    </ClCompile>
    <ClCompile Include="ComponentRenderMesh.cpp">
      <Filter>.cpp</Filter>
    </ClCompile>
    <ClCompile Include="ComponentScript.cpp">
      <Filter>.cpp</Filter>
    </ClCompile>
    <ClCompile Include="DDSTextureLoader.cpp">
      <Filter>.cpp</Filter>
    </ClCompile>
    <ClCompile Include="GameTimer.cpp">
      <Filter>.cpp</Filter>
    </ClCompile>
    <ClCompile Include="InitApp.cpp">
      <Filter>.cpp</Filter>
    </ClCompile>
    <ClCompile Include="InputController.cpp">
      <Filter>.cpp</Filter>
    </ClCompile>
    <ClCompile Include="Utile.cpp">
      <Filter>.cpp</Filter>
    </ClCompile>
  </ItemGroup>
  <ItemGroup>
    <ClInclude Include="targetver.h" />
    <ClInclude Include="Component.h">
      <Filter>.h</Filter>
    </ClInclude>
    <ClInclude Include="ComponentCamera.h">
      <Filter>.h</Filter>
    </ClInclude>
    <ClInclude Include="ComponentCollider.h">
      <Filter>.h</Filter>
    </ClInclude>
    <ClInclude Include="ComponentRenderMesh.h">
      <Filter>.h</Filter>
    </ClInclude>
    <ClInclude Include="ComponentScript.h">
      <Filter>.h</Filter>
    </ClInclude>
    <ClInclude Include="d3dx12.h">
      <Filter>.h</Filter>
    </ClInclude>
    <ClInclude Include="DDSTextureLoader.h">
      <Filter>.h</Filter>
    </ClInclude>
    <ClInclude Include="Engine.h">
      <Filter>.h</Filter>
    </ClInclude>
    <ClInclude Include="framework.h">
      <Filter>.h</Filter>
    </ClInclude>
    <ClInclude Include="GameTimer.h">
      <Filter>.h</Filter>
    </ClInclude>
    <ClInclude Include="InputController.h">
      <Filter>.h</Filter>
    </ClInclude>
    <ClInclude Include="MathHelper.h">
      <Filter>.h</Filter>
    </ClInclude>
    <ClInclude Include="Resource.h">
      <Filter>.h</Filter>
    </ClInclude>
    <ClInclude Include="Utile.h">
      <Filter>.h</Filter>
    </ClInclude>
  </ItemGroup>
  <ItemGroup>
    <ResourceCompile Include="Engine.rc" />
  </ItemGroup>
  <ItemGroup>
    <Image Include="Engine.ico" />
    <Image Include="small.ico" />
  </ItemGroup>
  <ItemGroup>
    <Filter Include=".h">
      <UniqueIdentifier>{92efdcdb-5f3a-4119-8c16-76cf5b1e2f51}</UniqueIdentifier>
    </Filter>
    <Filter Include=".cpp">
      <UniqueIdentifier>{25aed1ac-de76-4174-9d5a-1089ab3a0579}</UniqueIdentifier>
    </Filter>
  </ItemGroup>
</Project>